
Microsoft Visual Studio Solution File, Format Version 12.00
# Visual Studio Version 16
VisualStudioVersion = 16.0.30413.136
MinimumVisualStudioVersion = 10.0.40219.1
Project("{2150E333-8FDC-42A3-9474-1A3956D46DE8}") = "src", "src", "{9FB43DDC-6E12-4A29-8380-22AE251668B0}"
EndProject
Project("{9A19103F-16F7-4668-BE54-9A1E7A4F7556}") = "MV.Demo.Basic", "src\MV.Demo.Basic\MV.Demo.Basic.csproj", "{8A6359E9-5FF1-4A35-82C3-F29460D16ED4}"
EndProject
Project("{9A19103F-16F7-4668-BE54-9A1E7A4F7556}") = "MV.Demo.IdentityExample", "src\MV.Demo.IdentityExample\MV.Demo.IdentityExample.csproj", "{CB838545-E931-4090-9161-2D2526F486D7}"
EndProject
Project("{2150E333-8FDC-42A3-9474-1A3956D46DE8}") = "basic", "basic", "{5C923F40-F0CC-4FFD-99EC-A2285A42DBD7}"
EndProject
Project("{2150E333-8FDC-42A3-9474-1A3956D46DE8}") = "oauth", "oauth", "{E917BD18-784F-4F81-99B1-D475F17760FC}"
EndProject
Project("{9A19103F-16F7-4668-BE54-9A1E7A4F7556}") = "MV.Demo.AuthServer", "src\MV.Demo.AuthServer\MV.Demo.AuthServer.csproj", "{2FBB7A9A-A09F-4EA5-978B-48AE333676F7}"
EndProject
Project("{FAE04EC0-301F-11D3-BF4B-00C04F79EFBC}") = "MV.Demo.Client", "src\MV.Demo.Client\MV.Demo.Client.csproj", "{8685E9E3-8853-411A-968B-38AF3BBAD679}"
EndProject
Global
	GlobalSection(SolutionConfigurationPlatforms) = preSolution
		Debug|Any CPU = Debug|Any CPU
		Release|Any CPU = Release|Any CPU
	EndGlobalSection
	GlobalSection(ProjectConfigurationPlatforms) = postSolution
		{8A6359E9-5FF1-4A35-82C3-F29460D16ED4}.Debug|Any CPU.ActiveCfg = Debug|Any CPU
		{8A6359E9-5FF1-4A35-82C3-F29460D16ED4}.Debug|Any CPU.Build.0 = Debug|Any CPU
		{8A6359E9-5FF1-4A35-82C3-F29460D16ED4}.Release|Any CPU.ActiveCfg = Release|Any CPU
		{8A6359E9-5FF1-4A35-82C3-F29460D16ED4}.Release|Any CPU.Build.0 = Release|Any CPU
		{CB838545-E931-4090-9161-2D2526F486D7}.Debug|Any CPU.ActiveCfg = Debug|Any CPU
		{CB838545-E931-4090-9161-2D2526F486D7}.Debug|Any CPU.Build.0 = Debug|Any CPU
		{CB838545-E931-4090-9161-2D2526F486D7}.Release|Any CPU.ActiveCfg = Release|Any CPU
		{CB838545-E931-4090-9161-2D2526F486D7}.Release|Any CPU.Build.0 = Release|Any CPU
		{2FBB7A9A-A09F-4EA5-978B-48AE333676F7}.Debug|Any CPU.ActiveCfg = Debug|Any CPU
		{2FBB7A9A-A09F-4EA5-978B-48AE333676F7}.Debug|Any CPU.Build.0 = Debug|Any CPU
		{2FBB7A9A-A09F-4EA5-978B-48AE333676F7}.Release|Any CPU.ActiveCfg = Release|Any CPU
		{2FBB7A9A-A09F-4EA5-978B-48AE333676F7}.Release|Any CPU.Build.0 = Release|Any CPU
		{8685E9E3-8853-411A-968B-38AF3BBAD679}.Debug|Any CPU.ActiveCfg = Debug|Any CPU
		{8685E9E3-8853-411A-968B-38AF3BBAD679}.Debug|Any CPU.Build.0 = Debug|Any CPU
		{8685E9E3-8853-411A-968B-38AF3BBAD679}.Release|Any CPU.ActiveCfg = Release|Any CPU
		{8685E9E3-8853-411A-968B-38AF3BBAD679}.Release|Any CPU.Build.0 = Release|Any CPU
	EndGlobalSection
	GlobalSection(SolutionProperties) = preSolution
		HideSolutionNode = FALSE
	EndGlobalSection
	GlobalSection(NestedProjects) = preSolution
		{8A6359E9-5FF1-4A35-82C3-F29460D16ED4} = {5C923F40-F0CC-4FFD-99EC-A2285A42DBD7}
		{CB838545-E931-4090-9161-2D2526F486D7} = {5C923F40-F0CC-4FFD-99EC-A2285A42DBD7}
		{5C923F40-F0CC-4FFD-99EC-A2285A42DBD7} = {9FB43DDC-6E12-4A29-8380-22AE251668B0}
		{E917BD18-784F-4F81-99B1-D475F17760FC} = {9FB43DDC-6E12-4A29-8380-22AE251668B0}
		{2FBB7A9A-A09F-4EA5-978B-48AE333676F7} = {E917BD18-784F-4F81-99B1-D475F17760FC}
		{8685E9E3-8853-411A-968B-38AF3BBAD679} = {E917BD18-784F-4F81-99B1-D475F17760FC}
	EndGlobalSection
	GlobalSection(ExtensibilityGlobals) = postSolution
		SolutionGuid = {F0FB83C3-4BB1-494F-A36B-7D632B2F6361}
	EndGlobalSection
EndGlobal
